// !$*UTF8*$!
{
	archiveVersion = 1;
	classes = {
	};
	objectVersion = 56;
	objects = {

/* Begin PBXBuildFile section */
		5D6DC49D2BA88339001DFE05 /* SettingsView.swift in Sources */ = {isa = PBXBuildFile; fileRef = 5D6DC49C2BA88339001DFE05 /* SettingsView.swift */; };
		5D6FAF092BB0C6140084F4F5 /* QuetesView.swift in Sources */ = {isa = PBXBuildFile; fileRef = 5D6FAF082BB0C6140084F4F5 /* QuetesView.swift */; };
		5DC4E1E92BB09433006A3AA0 /* StatistiqueView.swift in Sources */ = {isa = PBXBuildFile; fileRef = 5DC4E1E82BB09433006A3AA0 /* StatistiqueView.swift */; };
		5DDD2F3A2BA8708C0014D9D8 /* HabitsListView.swift in Sources */ = {isa = PBXBuildFile; fileRef = 5DDD2F392BA8708C0014D9D8 /* HabitsListView.swift */; };
		5DDD2F3C2BA872CE0014D9D8 /* HabitsView.swift in Sources */ = {isa = PBXBuildFile; fileRef = 5DDD2F3B2BA872CE0014D9D8 /* HabitsView.swift */; };
		A908BDD72B98605D00B5D6B4 /* HabitsApp.swift in Sources */ = {isa = PBXBuildFile; fileRef = A908BDD62B98605D00B5D6B4 /* HabitsApp.swift */; };
		A908BDDB2B98605D00B5D6B4 /* Assets.xcassets in Resources */ = {isa = PBXBuildFile; fileRef = A908BDDA2B98605D00B5D6B4 /* Assets.xcassets */; };
		A908BDDE2B98605D00B5D6B4 /* Preview Assets.xcassets in Resources */ = {isa = PBXBuildFile; fileRef = A908BDDD2B98605D00B5D6B4 /* Preview Assets.xcassets */; };
		A908BDEA2B98631200B5D6B4 /* Habits.swift in Sources */ = {isa = PBXBuildFile; fileRef = A908BDE92B98631200B5D6B4 /* Habits.swift */; };
		A908BDEC2B98651E00B5D6B4 /* HabitsViewModel.swift in Sources */ = {isa = PBXBuildFile; fileRef = A908BDEB2B98651E00B5D6B4 /* HabitsViewModel.swift */; };
		A908BDEE2B9865DC00B5D6B4 /* RowView.swift in Sources */ = {isa = PBXBuildFile; fileRef = A908BDED2B9865DC00B5D6B4 /* RowView.swift */; };
		EDC3E3912BAAC4BC00FDC526 /* AddHabitsView.swift in Sources */ = {isa = PBXBuildFile; fileRef = EDC3E3902BAAC4BC00FDC526 /* AddHabitsView.swift */; };
		EDC3E3932BAAC4CD00FDC526 /* EditHabitsView.swift in Sources */ = {isa = PBXBuildFile; fileRef = EDC3E3922BAAC4CD00FDC526 /* EditHabitsView.swift */; };
/* End PBXBuildFile section */

/* Begin PBXFileReference section */
		5D6DC49C2BA88339001DFE05 /* SettingsView.swift */ = {isa = PBXFileReference; lastKnownFileType = sourcecode.swift; path = SettingsView.swift; sourceTree = "<group>"; };
		5D6FAF082BB0C6140084F4F5 /* QuetesView.swift */ = {isa = PBXFileReference; lastKnownFileType = sourcecode.swift; path = QuetesView.swift; sourceTree = "<group>"; };
		5DC4E1E82BB09433006A3AA0 /* StatistiqueView.swift */ = {isa = PBXFileReference; lastKnownFileType = sourcecode.swift; path = StatistiqueView.swift; sourceTree = "<group>"; };
		5DDD2F392BA8708C0014D9D8 /* HabitsListView.swift */ = {isa = PBXFileReference; fileEncoding = 4; lastKnownFileType = sourcecode.swift; path = HabitsListView.swift; sourceTree = "<group>"; };
		5DDD2F3B2BA872CE0014D9D8 /* HabitsView.swift */ = {isa = PBXFileReference; lastKnownFileType = sourcecode.swift; path = HabitsView.swift; sourceTree = "<group>"; };
		A908BDD32B98605D00B5D6B4 /* HabitsApp.app */ = {isa = PBXFileReference; explicitFileType = wrapper.application; includeInIndex = 0; path = HabitsApp.app; sourceTree = BUILT_PRODUCTS_DIR; };
		A908BDD62B98605D00B5D6B4 /* HabitsApp.swift */ = {isa = PBXFileReference; lastKnownFileType = sourcecode.swift; path = HabitsApp.swift; sourceTree = "<group>"; };
		A908BDDA2B98605D00B5D6B4 /* Assets.xcassets */ = {isa = PBXFileReference; lastKnownFileType = folder.assetcatalog; path = Assets.xcassets; sourceTree = "<group>"; };
		A908BDDD2B98605D00B5D6B4 /* Preview Assets.xcassets */ = {isa = PBXFileReference; lastKnownFileType = folder.assetcatalog; path = "Preview Assets.xcassets"; sourceTree = "<group>"; };
		A908BDE92B98631200B5D6B4 /* Habits.swift */ = {isa = PBXFileReference; lastKnownFileType = sourcecode.swift; path = Habits.swift; sourceTree = "<group>"; };
		A908BDEB2B98651E00B5D6B4 /* HabitsViewModel.swift */ = {isa = PBXFileReference; lastKnownFileType = sourcecode.swift; path = HabitsViewModel.swift; sourceTree = "<group>"; };
		A908BDED2B9865DC00B5D6B4 /* RowView.swift */ = {isa = PBXFileReference; lastKnownFileType = sourcecode.swift; path = RowView.swift; sourceTree = "<group>"; };
		EDC3E3902BAAC4BC00FDC526 /* AddHabitsView.swift */ = {isa = PBXFileReference; lastKnownFileType = sourcecode.swift; path = AddHabitsView.swift; sourceTree = "<group>"; };
		EDC3E3922BAAC4CD00FDC526 /* EditHabitsView.swift */ = {isa = PBXFileReference; lastKnownFileType = sourcecode.swift; path = EditHabitsView.swift; sourceTree = "<group>"; };
/* End PBXFileReference section */

/* Begin PBXFrameworksBuildPhase section */
		A908BDD02B98605D00B5D6B4 /* Frameworks */ = {
			isa = PBXFrameworksBuildPhase;
			buildActionMask = 2147483647;
			files = (
			);
			runOnlyForDeploymentPostprocessing = 0;
		};
/* End PBXFrameworksBuildPhase section */

/* Begin PBXGroup section */
		A908BDCA2B98605D00B5D6B4 = {
			isa = PBXGroup;
			children = (
				A908BDD52B98605D00B5D6B4 /* HabitsApp */,
				A908BDD42B98605D00B5D6B4 /* Products */,
			);
			sourceTree = "<group>";
		};
		A908BDD42B98605D00B5D6B4 /* Products */ = {
			isa = PBXGroup;
			children = (
				A908BDD32B98605D00B5D6B4 /* HabitsApp.app */,
			);
			name = Products;
			sourceTree = "<group>";
		};
		A908BDD52B98605D00B5D6B4 /* HabitsApp */ = {
			isa = PBXGroup;
			children = (
				A908BDE62B9860E600B5D6B4 /* ViewModels */,
				A908BDE42B9860D500B5D6B4 /* Models */,
				A908BDE52B9860DE00B5D6B4 /* Views */,
				A908BDD62B98605D00B5D6B4 /* HabitsApp.swift */,
				A908BDDA2B98605D00B5D6B4 /* Assets.xcassets */,
				A908BDDC2B98605D00B5D6B4 /* Preview Content */,
			);
			path = HabitsApp;
			sourceTree = "<group>";
		};
		A908BDDC2B98605D00B5D6B4 /* Preview Content */ = {
			isa = PBXGroup;
			children = (
				A908BDDD2B98605D00B5D6B4 /* Preview Assets.xcassets */,
			);
			path = "Preview Content";
			sourceTree = "<group>";
		};
		A908BDE42B9860D500B5D6B4 /* Models */ = {
			isa = PBXGroup;
			children = (
				A908BDE92B98631200B5D6B4 /* Habits.swift */,
			);
			path = Models;
			sourceTree = "<group>";
		};
		A908BDE52B9860DE00B5D6B4 /* Views */ = {
			isa = PBXGroup;
			children = (
				5DDD2F392BA8708C0014D9D8 /* HabitsListView.swift */,
				A908BDED2B9865DC00B5D6B4 /* RowView.swift */,
				5DDD2F3B2BA872CE0014D9D8 /* HabitsView.swift */,
				5D6DC49C2BA88339001DFE05 /* SettingsView.swift */,
				EDC3E3902BAAC4BC00FDC526 /* AddHabitsView.swift */,
				EDC3E3922BAAC4CD00FDC526 /* EditHabitsView.swift */,
				5DC4E1E82BB09433006A3AA0 /* StatistiqueView.swift */,
				5D6FAF082BB0C6140084F4F5 /* QuetesView.swift */,
			);
			path = Views;
			sourceTree = "<group>";
		};
		A908BDE62B9860E600B5D6B4 /* ViewModels */ = {
			isa = PBXGroup;
			children = (
				A908BDEB2B98651E00B5D6B4 /* HabitsViewModel.swift */,
			);
			path = ViewModels;
			sourceTree = "<group>";
		};
/* End PBXGroup section */

/* Begin PBXNativeTarget section */
		A908BDD22B98605D00B5D6B4 /* HabitsApp */ = {
			isa = PBXNativeTarget;
			buildConfigurationList = A908BDE12B98605D00B5D6B4 /* Build configuration list for PBXNativeTarget "HabitsApp" */;
			buildPhases = (
				A908BDCF2B98605D00B5D6B4 /* Sources */,
				A908BDD02B98605D00B5D6B4 /* Frameworks */,
				A908BDD12B98605D00B5D6B4 /* Resources */,
			);
			buildRules = (
			);
			dependencies = (
			);
			name = HabitsApp;
			productName = HabitsApp;
			productReference = A908BDD32B98605D00B5D6B4 /* HabitsApp.app */;
			productType = "com.apple.product-type.application";
		};
/* End PBXNativeTarget section */

/* Begin PBXProject section */
		A908BDCB2B98605D00B5D6B4 /* Project object */ = {
			isa = PBXProject;
			attributes = {
				BuildIndependentTargetsInParallel = 1;
				LastSwiftUpdateCheck = 1430;
				LastUpgradeCheck = 1430;
				TargetAttributes = {
					A908BDD22B98605D00B5D6B4 = {
						CreatedOnToolsVersion = 14.3.1;
					};
				};
			};
			buildConfigurationList = A908BDCE2B98605D00B5D6B4 /* Build configuration list for PBXProject "HabitsApp" */;
			compatibilityVersion = "Xcode 14.0";
			developmentRegion = en;
			hasScannedForEncodings = 0;
			knownRegions = (
				en,
				Base,
			);
			mainGroup = A908BDCA2B98605D00B5D6B4;
			productRefGroup = A908BDD42B98605D00B5D6B4 /* Products */;
			projectDirPath = "";
			projectRoot = "";
			targets = (
				A908BDD22B98605D00B5D6B4 /* HabitsApp */,
			);
		};
/* End PBXProject section */

/* Begin PBXResourcesBuildPhase section */
		A908BDD12B98605D00B5D6B4 /* Resources */ = {
			isa = PBXResourcesBuildPhase;
			buildActionMask = 2147483647;
			files = (
				A908BDDE2B98605D00B5D6B4 /* Preview Assets.xcassets in Resources */,
				A908BDDB2B98605D00B5D6B4 /* Assets.xcassets in Resources */,
			);
			runOnlyForDeploymentPostprocessing = 0;
		};
/* End PBXResourcesBuildPhase section */

/* Begin PBXSourcesBuildPhase section */
		A908BDCF2B98605D00B5D6B4 /* Sources */ = {
			isa = PBXSourcesBuildPhase;
			buildActionMask = 2147483647;
			files = (
				EDC3E3932BAAC4CD00FDC526 /* EditHabitsView.swift in Sources */,
				5DC4E1E92BB09433006A3AA0 /* StatistiqueView.swift in Sources */,
				5D6DC49D2BA88339001DFE05 /* SettingsView.swift in Sources */,
				5D6FAF092BB0C6140084F4F5 /* QuetesView.swift in Sources */,
				A908BDEC2B98651E00B5D6B4 /* HabitsViewModel.swift in Sources */,
				5DDD2F3C2BA872CE0014D9D8 /* HabitsView.swift in Sources */,
				A908BDEE2B9865DC00B5D6B4 /* RowView.swift in Sources */,
				5DDD2F3A2BA8708C0014D9D8 /* HabitsListView.swift in Sources */,
				EDC3E3912BAAC4BC00FDC526 /* AddHabitsView.swift in Sources */,
				A908BDEA2B98631200B5D6B4 /* Habits.swift in Sources */,
				A908BDD72B98605D00B5D6B4 /* HabitsApp.swift in Sources */,
			);
			runOnlyForDeploymentPostprocessing = 0;
		};
/* End PBXSourcesBuildPhase section */

/* Begin XCBuildConfiguration section */
		A908BDDF2B98605D00B5D6B4 /* Debug */ = {
			isa = XCBuildConfiguration;
			buildSettings = {
				ALWAYS_SEARCH_USER_PATHS = NO;
				CLANG_ANALYZER_NONNULL = YES;
				CLANG_ANALYZER_NUMBER_OBJECT_CONVERSION = YES_AGGRESSIVE;
				CLANG_CXX_LANGUAGE_STANDARD = "gnu++20";
				CLANG_ENABLE_MODULES = YES;
				CLANG_ENABLE_OBJC_ARC = YES;
				CLANG_ENABLE_OBJC_WEAK = YES;
				CLANG_WARN_BLOCK_CAPTURE_AUTORELEASING = YES;
				CLANG_WARN_BOOL_CONVERSION = YES;
				CLANG_WARN_COMMA = YES;
				CLANG_WARN_CONSTANT_CONVERSION = YES;
				CLANG_WARN_DEPRECATED_OBJC_IMPLEMENTATIONS = YES;
				CLANG_WARN_DIRECT_OBJC_ISA_USAGE = YES_ERROR;
				CLANG_WARN_DOCUMENTATION_COMMENTS = YES;
				CLANG_WARN_EMPTY_BODY = YES;
				CLANG_WARN_ENUM_CONVERSION = YES;
				CLANG_WARN_INFINITE_RECURSION = YES;
				CLANG_WARN_INT_CONVERSION = YES;
				CLANG_WARN_NON_LITERAL_NULL_CONVERSION = YES;
				CLANG_WARN_OBJC_IMPLICIT_RETAIN_SELF = YES;
				CLANG_WARN_OBJC_LITERAL_CONVERSION = YES;
				CLANG_WARN_OBJC_ROOT_CLASS = YES_ERROR;
				CLANG_WARN_QUOTED_INCLUDE_IN_FRAMEWORK_HEADER = YES;
				CLANG_WARN_RANGE_LOOP_ANALYSIS = YES;
				CLANG_WARN_STRICT_PROTOTYPES = YES;
				CLANG_WARN_SUSPICIOUS_MOVE = YES;
				CLANG_WARN_UNGUARDED_AVAILABILITY = YES_AGGRESSIVE;
				CLANG_WARN_UNREACHABLE_CODE = YES;
				CLANG_WARN__DUPLICATE_METHOD_MATCH = YES;
				COPY_PHASE_STRIP = NO;
				DEBUG_INFORMATION_FORMAT = dwarf;
				ENABLE_STRICT_OBJC_MSGSEND = YES;
				ENABLE_TESTABILITY = YES;
				GCC_C_LANGUAGE_STANDARD = gnu11;
				GCC_DYNAMIC_NO_PIC = NO;
				GCC_NO_COMMON_BLOCKS = YES;
				GCC_OPTIMIZATION_LEVEL = 0;
				GCC_PREPROCESSOR_DEFINITIONS = (
					"DEBUG=1",
					"$(inherited)",
				);
				GCC_WARN_64_TO_32_BIT_CONVERSION = YES;
				GCC_WARN_ABOUT_RETURN_TYPE = YES_ERROR;
				GCC_WARN_UNDECLARED_SELECTOR = YES;
				GCC_WARN_UNINITIALIZED_AUTOS = YES_AGGRESSIVE;
				GCC_WARN_UNUSED_FUNCTION = YES;
				GCC_WARN_UNUSED_VARIABLE = YES;
				IPHONEOS_DEPLOYMENT_TARGET = 16.4;
				MTL_ENABLE_DEBUG_INFO = INCLUDE_SOURCE;
				MTL_FAST_MATH = YES;
				ONLY_ACTIVE_ARCH = YES;
				SDKROOT = iphoneos;
				SWIFT_ACTIVE_COMPILATION_CONDITIONS = DEBUG;
				SWIFT_OPTIMIZATION_LEVEL = "-Onone";
			};
			name = Debug;
		};
		A908BDE02B98605D00B5D6B4 /* Release */ = {
			isa = XCBuildConfiguration;
			buildSettings = {
				ALWAYS_SEARCH_USER_PATHS = NO;
				CLANG_ANALYZER_NONNULL = YES;
				CLANG_ANALYZER_NUMBER_OBJECT_CONVERSION = YES_AGGRESSIVE;
				CLANG_CXX_LANGUAGE_STANDARD = "gnu++20";
				CLANG_ENABLE_MODULES = YES;
				CLANG_ENABLE_OBJC_ARC = YES;
				CLANG_ENABLE_OBJC_WEAK = YES;
				CLANG_WARN_BLOCK_CAPTURE_AUTORELEASING = YES;
				CLANG_WARN_BOOL_CONVERSION = YES;
				CLANG_WARN_COMMA = YES;
				CLANG_WARN_CONSTANT_CONVERSION = YES;
				CLANG_WARN_DEPRECATED_OBJC_IMPLEMENTATIONS = YES;
				CLANG_WARN_DIRECT_OBJC_ISA_USAGE = YES_ERROR;
				CLANG_WARN_DOCUMENTATION_COMMENTS = YES;
				CLANG_WARN_EMPTY_BODY = YES;
				CLANG_WARN_ENUM_CONVERSION = YES;
				CLANG_WARN_INFINITE_RECURSION = YES;
				CLANG_WARN_INT_CONVERSION = YES;
				CLANG_WARN_NON_LITERAL_NULL_CONVERSION = YES;
				CLANG_WARN_OBJC_IMPLICIT_RETAIN_SELF = YES;
				CLANG_WARN_OBJC_LITERAL_CONVERSION = YES;
				CLANG_WARN_OBJC_ROOT_CLASS = YES_ERROR;
				CLANG_WARN_QUOTED_INCLUDE_IN_FRAMEWORK_HEADER = YES;
				CLANG_WARN_RANGE_LOOP_ANALYSIS = YES;
				CLANG_WARN_STRICT_PROTOTYPES = YES;
				CLANG_WARN_SUSPICIOUS_MOVE = YES;
				CLANG_WARN_UNGUARDED_AVAILABILITY = YES_AGGRESSIVE;
				CLANG_WARN_UNREACHABLE_CODE = YES;
				CLANG_WARN__DUPLICATE_METHOD_MATCH = YES;
				COPY_PHASE_STRIP = NO;
				DEBUG_INFORMATION_FORMAT = "dwarf-with-dsym";
				ENABLE_NS_ASSERTIONS = NO;
				ENABLE_STRICT_OBJC_MSGSEND = YES;
				GCC_C_LANGUAGE_STANDARD = gnu11;
				GCC_NO_COMMON_BLOCKS = YES;
				GCC_WARN_64_TO_32_BIT_CONVERSION = YES;
				GCC_WARN_ABOUT_RETURN_TYPE = YES_ERROR;
				GCC_WARN_UNDECLARED_SELECTOR = YES;
				GCC_WARN_UNINITIALIZED_AUTOS = YES_AGGRESSIVE;
				GCC_WARN_UNUSED_FUNCTION = YES;
				GCC_WARN_UNUSED_VARIABLE = YES;
				IPHONEOS_DEPLOYMENT_TARGET = 16.4;
				MTL_ENABLE_DEBUG_INFO = NO;
				MTL_FAST_MATH = YES;
				SDKROOT = iphoneos;
				SWIFT_COMPILATION_MODE = wholemodule;
				SWIFT_OPTIMIZATION_LEVEL = "-O";
				VALIDATE_PRODUCT = YES;
			};
			name = Release;
		};
		A908BDE22B98605D00B5D6B4 /* Debug */ = {
			isa = XCBuildConfiguration;
			buildSettings = {
				ASSETCATALOG_COMPILER_APPICON_NAME = AppIcon;
				ASSETCATALOG_COMPILER_GLOBAL_ACCENT_COLOR_NAME = AccentColor;
				CODE_SIGN_STYLE = Automatic;
				CURRENT_PROJECT_VERSION = 1;
				DEVELOPMENT_ASSET_PATHS = "\"HabitsApp/Preview Content\"";
				ENABLE_PREVIEWS = YES;
				GENERATE_INFOPLIST_FILE = YES;
				INFOPLIST_KEY_UIApplicationSceneManifest_Generation = YES;
				INFOPLIST_KEY_UIApplicationSupportsIndirectInputEvents = YES;
				INFOPLIST_KEY_UILaunchScreen_Generation = YES;
				INFOPLIST_KEY_UISupportedInterfaceOrientations_iPad = "UIInterfaceOrientationPortrait UIInterfaceOrientationPortraitUpsideDown UIInterfaceOrientationLandscapeLeft UIInterfaceOrientationLandscapeRight";
				INFOPLIST_KEY_UISupportedInterfaceOrientations_iPhone = "UIInterfaceOrientationPortrait UIInterfaceOrientationLandscapeLeft UIInterfaceOrientationLandscapeRight";
				LD_RUNPATH_SEARCH_PATHS = (
					"$(inherited)",
					"@executable_path/Frameworks",
				);
				MARKETING_VERSION = 1.0;
				PRODUCT_BUNDLE_IDENTIFIER = amajoure.HabitsApp;
				PRODUCT_NAME = "$(TARGET_NAME)";
				SWIFT_EMIT_LOC_STRINGS = YES;
				SWIFT_VERSION = 5.0;
				TARGETED_DEVICE_FAMILY = "1,2";
			};
			name = Debug;
		};
		A908BDE32B98605D00B5D6B4 /* Release */ = {
			isa = XCBuildConfiguration;
			buildSettings = {
				ASSETCATALOG_COMPILER_APPICON_NAME = AppIcon;
				ASSETCATALOG_COMPILER_GLOBAL_ACCENT_COLOR_NAME = AccentColor;
				CODE_SIGN_STYLE = Automatic;
				CURRENT_PROJECT_VERSION = 1;
				DEVELOPMENT_ASSET_PATHS = "\"HabitsApp/Preview Content\"";
				ENABLE_PREVIEWS = YES;
				GENERATE_INFOPLIST_FILE = YES;
				INFOPLIST_KEY_UIApplicationSceneManifest_Generation = YES;
				INFOPLIST_KEY_UIApplicationSupportsIndirectInputEvents = YES;
				INFOPLIST_KEY_UILaunchScreen_Generation = YES;
				INFOPLIST_KEY_UISupportedInterfaceOrientations_iPad = "UIInterfaceOrientationPortrait UIInterfaceOrientationPortraitUpsideDown UIInterfaceOrientationLandscapeLeft UIInterfaceOrientationLandscapeRight";
				INFOPLIST_KEY_UISupportedInterfaceOrientations_iPhone = "UIInterfaceOrientationPortrait UIInterfaceOrientationLandscapeLeft UIInterfaceOrientationLandscapeRight";
				LD_RUNPATH_SEARCH_PATHS = (
					"$(inherited)",
					"@executable_path/Frameworks",
				);
				MARKETING_VERSION = 1.0;
				PRODUCT_BUNDLE_IDENTIFIER = amajoure.HabitsApp;
				PRODUCT_NAME = "$(TARGET_NAME)";
				SWIFT_EMIT_LOC_STRINGS = YES;
				SWIFT_VERSION = 5.0;
				TARGETED_DEVICE_FAMILY = "1,2";
			};
			name = Release;
		};
/* End XCBuildConfiguration section */

/* Begin XCConfigurationList section */
		A908BDCE2B98605D00B5D6B4 /* Build configuration list for PBXProject "HabitsApp" */ = {
			isa = XCConfigurationList;
			buildConfigurations = (
				A908BDDF2B98605D00B5D6B4 /* Debug */,
				A908BDE02B98605D00B5D6B4 /* Release */,
			);
			defaultConfigurationIsVisible = 0;
			defaultConfigurationName = Release;
		};
		A908BDE12B98605D00B5D6B4 /* Build configuration list for PBXNativeTarget "HabitsApp" */ = {
			isa = XCConfigurationList;
			buildConfigurations = (
				A908BDE22B98605D00B5D6B4 /* Debug */,
				A908BDE32B98605D00B5D6B4 /* Release */,
			);
			defaultConfigurationIsVisible = 0;
			defaultConfigurationName = Release;
		};
/* End XCConfigurationList section */
	};
	rootObject = A908BDCB2B98605D00B5D6B4 /* Project object */;
}
